dependencies:
  espressif/esp_websocket_client:
    component_hash: dc00233af846f3a744ada283a300e0d586040aadc3ee67361645ecdce4523672
    dependencies:
    - name: idf
      require: private
      version: '>=5.0'
    source:
      registry_url: https://components.espressif.com/
      type: service
    version: 1.8.0
  espressif/usb:
    component_hash: 1d90d7c7b0682dbfcc36f47cf5acf224a5cfb850a62f39cd86d3159cfec12a81
    dependencies:
    - name: idf
      require: private
      version: '>=5.4'
    source:
      registry_url: https://components.espressif.com/
      type: service
    targets:
    - esp32s2
    - esp32s3
    - esp32s31
    - esp32p4
    - esp32h4
    - linux
    version: 1.4.1
  espressif/usb_host_hid:
    component_hash: 824d49e67771af546c29d916bd8d7d3526cd2ff5e082d9021cab66d5f9c2b9bc
    dependencies:
    - name: idf
      require: private
      version: '>=4.4'
    - name: espressif/usb
      registry_url: https://components.espressif.com
      require: public
      rules:
      - if: idf_version >=6.0
      - if: target not in ["linux"]
      version: ^1.0.0
    source:
      registry_url: https://components.espressif.com/
      type: service
    targets:
    - esp32s2
    - esp32s3
    - esp32p4
    - esp32h4
    - linux
    version: 1.0.4
  idf:
    source:
      type: idf
    version: 5.5.5
direct_dependencies:
- espressif/esp_websocket_client
- espressif/usb
- espressif/usb_host_hid
- idf
manifest_hash: 54180cefd7069891539375b85a97d11fe29aa4cbd4c8d3266b288a8e4e26e2d6
target: esp32p4
version: 2.0.0
